// !$*UTF8*$!
{
	archiveVersion = 1;
	classes = {
	};
	objectVersion = 56;
	objects = {

/* Begin PBXBuildFile section */
		BA0E6EE02C6BB68A005823FD /* RealmSwift in Frameworks */ = {isa = PBXBuildFile; productRef = BA0E6EDF2C6BB68A005823FD /* RealmSwift */; };
		BA0E6EE32C6BB6BF005823FD /* RealmManager.swift in Sources */ = {isa = PBXBuildFile; fileRef = BA0E6EE22C6BB6BF005823FD /* RealmManager.swift */; };
		BA0E6EF52C6BB96C005823FD /* RealmManagerTests.swift in Sources */ = {isa = PBXBuildFile; fileRef = BA0E6EF42C6BB96C005823FD /* RealmManagerTests.swift */; };
		BA0E6EF62C6BBB13005823FD /* RealmManager.swift in Sources */ = {isa = PBXBuildFile; fileRef = BA0E6EE22C6BB6BF005823FD /* RealmManager.swift */; };
		BA0E6EFB2C6BC4C1005823FD /* RealmSwift in Frameworks */ = {isa = PBXBuildFile; productRef = BA0E6EFA2C6BC4C1005823FD /* RealmSwift */; };
		BA0E6EFD2C6BC4C1005823FD /* RealmSwift in Embed Frameworks */ = {isa = PBXBuildFile; productRef = BA0E6EFA2C6BC4C1005823FD /* RealmSwift */; settings = {ATTRIBUTES = (CodeSignOnCopy, ); }; };
		BA2EEAC92C6E6A950062993A /* RealmError.swift in Sources */ = {isa = PBXBuildFile; fileRef = BA2EEAC82C6E6A950062993A /* RealmError.swift */; };
		BA2EEACA2C6E6F6F0062993A /* RealmError.swift in Sources */ = {isa = PBXBuildFile; fileRef = BA2EEAC82C6E6A950062993A /* RealmError.swift */; };
		BA3A8DCA2C57FD4B005D1BCB /* DummyExpenseViewModel.swift in Sources */ = {isa = PBXBuildFile; fileRef = BA3A8DC92C57FD4B005D1BCB /* DummyExpenseViewModel.swift */; };
		BA3A8DCC2C57FFAC005D1BCB /* DummySectionViewModel.swift in Sources */ = {isa = PBXBuildFile; fileRef = BA3A8DCB2C57FFAC005D1BCB /* DummySectionViewModel.swift */; };
		BA3A8DCE2C580177005D1BCB /* DummyExpensesListViewModel.swift in Sources */ = {isa = PBXBuildFile; fileRef = BA3A8DCD2C580177005D1BCB /* DummyExpensesListViewModel.swift */; };
		BA5E62382C5AEAD1003168C1 /* LabelWithDatePickerView.swift in Sources */ = {isa = PBXBuildFile; fileRef = BA5E62372C5AEAD1003168C1 /* LabelWithDatePickerView.swift */; };
		BA5E623A2C5AEC04003168C1 /* LabelWithTextFieldView.swift in Sources */ = {isa = PBXBuildFile; fileRef = BA5E62392C5AEC04003168C1 /* LabelWithTextFieldView.swift */; };
		BA5E623C2C5AEF6D003168C1 /* OrangeRoundedRectangleButton.swift in Sources */ = {isa = PBXBuildFile; fileRef = BA5E623B2C5AEF6C003168C1 /* OrangeRoundedRectangleButton.swift */; };
		BA89E55A2C6AA1D000AE0FD0 /* ExpensesRowView.swift in Sources */ = {isa = PBXBuildFile; fileRef = BA89E5592C6AA1D000AE0FD0 /* ExpensesRowView.swift */; };
		BA89E55C2C6AA27700AE0FD0 /* ExpenseSectionView.swift in Sources */ = {isa = PBXBuildFile; fileRef = BA89E55B2C6AA27700AE0FD0 /* ExpenseSectionView.swift */; };
		BA89E55E2C6AA2B100AE0FD0 /* ExpensesListView.swift in Sources */ = {isa = PBXBuildFile; fileRef = BA89E55D2C6AA2B100AE0FD0 /* ExpensesListView.swift */; };
		BAABA2D32C501C3F007CBBD7 /* ChillBillApp.swift in Sources */ = {isa = PBXBuildFile; fileRef = BAABA2D22C501C3F007CBBD7 /* ChillBillApp.swift */; };
		BAABA2D52C501C3F007CBBD7 /* ContentView.swift in Sources */ = {isa = PBXBuildFile; fileRef = BAABA2D42C501C3F007CBBD7 /* ContentView.swift */; };
		BAABA2D72C501C40007CBBD7 /* Assets.xcassets in Resources */ = {isa = PBXBuildFile; fileRef = BAABA2D62C501C40007CBBD7 /* Assets.xcassets */; };
		BAABA2DA2C501C40007CBBD7 /* Preview Assets.xcassets in Resources */ = {isa = PBXBuildFile; fileRef = BAABA2D92C501C40007CBBD7 /* Preview Assets.xcassets */; };
		BAABA2E22C52C385007CBBD7 /* MainScreenView.swift in Sources */ = {isa = PBXBuildFile; fileRef = BAABA2E12C52C385007CBBD7 /* MainScreenView.swift */; };
		BAABA2E52C52C5D4007CBBD7 /* PlusButtonView.swift in Sources */ = {isa = PBXBuildFile; fileRef = BAABA2E42C52C5D4007CBBD7 /* PlusButtonView.swift */; };
		BAABA2E72C52CA2D007CBBD7 /* CustomTabInfoView.swift in Sources */ = {isa = PBXBuildFile; fileRef = BAABA2E62C52CA2D007CBBD7 /* CustomTabInfoView.swift */; };
		BAABA2E92C52CEFB007CBBD7 /* CustomTabView.swift in Sources */ = {isa = PBXBuildFile; fileRef = BAABA2E82C52CEFB007CBBD7 /* CustomTabView.swift */; };
		BAB6FE7D2C5A9BD7000BE63C /* NewExpenseModalView.swift in Sources */ = {isa = PBXBuildFile; fileRef = BAB6FE7C2C5A9BD7000BE63C /* NewExpenseModalView.swift */; };
		BAB6FE802C5AA36B000BE63C /* CustomTextFieldStyle.swift in Sources */ = {isa = PBXBuildFile; fileRef = BAB6FE7F2C5AA36B000BE63C /* CustomTextFieldStyle.swift */; };
		BAC794B52C6D15FC00C9A208 /* RealmManagerTestObject.swift in Sources */ = {isa = PBXBuildFile; fileRef = BAC794B42C6D15FC00C9A208 /* RealmManagerTestObject.swift */; };
		BACC12B82C63D1E700F3B31A /* ExpenseModel.swift in Sources */ = {isa = PBXBuildFile; fileRef = BACC12B72C63D1E700F3B31A /* ExpenseModel.swift */; };
/* End PBXBuildFile section */

/* Begin PBXContainerItemProxy section */
		BA0E6EEF2C6BB8EE005823FD /* PBXContainerItemProxy */ = {
			isa = PBXContainerItemProxy;
			containerPortal = BAABA2C72C501C3F007CBBD7 /* Project object */;
			proxyType = 1;
			remoteGlobalIDString = BAABA2CE2C501C3F007CBBD7;
			remoteInfo = ChillBill;
		};
/* End PBXContainerItemProxy section */

/* Begin PBXCopyFilesBuildPhase section */
		BA0E6EFC2C6BC4C1005823FD /* Embed Frameworks */ = {
			isa = PBXCopyFilesBuildPhase;
			buildActionMask = 2147483647;
			dstPath = "";
			dstSubfolderSpec = 10;
			files = (
				BA0E6EFD2C6BC4C1005823FD /* RealmSwift in Embed Frameworks */,
			);
			name = "Embed Frameworks";
			runOnlyForDeploymentPostprocessing = 0;
		};
/* End PBXCopyFilesBuildPhase section */

/* Begin PBXFileReference section */
		BA0E6EE22C6BB6BF005823FD /* RealmManager.swift */ = {isa = PBXFileReference; lastKnownFileType = sourcecode.swift; path = RealmManager.swift; sourceTree = "<group>"; };
		BA0E6EEB2C6BB8EE005823FD /* ChillBillTests.xctest */ = {isa = PBXFileReference; explicitFileType = wrapper.cfbundle; includeInIndex = 0; path = ChillBillTests.xctest; sourceTree = BUILT_PRODUCTS_DIR; };
		BA0E6EF42C6BB96C005823FD /* RealmManagerTests.swift */ = {isa = PBXFileReference; lastKnownFileType = sourcecode.swift; path = RealmManagerTests.swift; sourceTree = "<group>"; };
		BA2EEAC82C6E6A950062993A /* RealmError.swift */ = {isa = PBXFileReference; lastKnownFileType = sourcecode.swift; path = RealmError.swift; sourceTree = "<group>"; };
		BA3A8DC92C57FD4B005D1BCB /* DummyExpenseViewModel.swift */ = {isa = PBXFileReference; lastKnownFileType = sourcecode.swift; path = DummyExpenseViewModel.swift; sourceTree = "<group>"; };
		BA3A8DCB2C57FFAC005D1BCB /* DummySectionViewModel.swift */ = {isa = PBXFileReference; lastKnownFileType = sourcecode.swift; path = DummySectionViewModel.swift; sourceTree = "<group>"; };
		BA3A8DCD2C580177005D1BCB /* DummyExpensesListViewModel.swift */ = {isa = PBXFileReference; lastKnownFileType = sourcecode.swift; path = DummyExpensesListViewModel.swift; sourceTree = "<group>"; };
		BA5E62372C5AEAD1003168C1 /* LabelWithDatePickerView.swift */ = {isa = PBXFileReference; lastKnownFileType = sourcecode.swift; path = LabelWithDatePickerView.swift; sourceTree = "<group>"; };
		BA5E62392C5AEC04003168C1 /* LabelWithTextFieldView.swift */ = {isa = PBXFileReference; lastKnownFileType = sourcecode.swift; path = LabelWithTextFieldView.swift; sourceTree = "<group>"; };
		BA5E623B2C5AEF6C003168C1 /* OrangeRoundedRectangleButton.swift */ = {isa = PBXFileReference; lastKnownFileType = sourcecode.swift; path = OrangeRoundedRectangleButton.swift; sourceTree = "<group>"; };
		BA89E5592C6AA1D000AE0FD0 /* ExpensesRowView.swift */ = {isa = PBXFileReference; lastKnownFileType = sourcecode.swift; path = ExpensesRowView.swift; sourceTree = "<group>"; };
		BA89E55B2C6AA27700AE0FD0 /* ExpenseSectionView.swift */ = {isa = PBXFileReference; lastKnownFileType = sourcecode.swift; path = ExpenseSectionView.swift; sourceTree = "<group>"; };
		BA89E55D2C6AA2B100AE0FD0 /* ExpensesListView.swift */ = {isa = PBXFileReference; lastKnownFileType = sourcecode.swift; path = ExpensesListView.swift; sourceTree = "<group>"; };
		BAABA2CF2C501C3F007CBBD7 /* ChillBill.app */ = {isa = PBXFileReference; explicitFileType = wrapper.application; includeInIndex = 0; path = ChillBill.app; sourceTree = BUILT_PRODUCTS_DIR; };
		BAABA2D22C501C3F007CBBD7 /* ChillBillApp.swift */ = {isa = PBXFileReference; lastKnownFileType = sourcecode.swift; path = ChillBillApp.swift; sourceTree = "<group>"; };
		BAABA2D42C501C3F007CBBD7 /* ContentView.swift */ = {isa = PBXFileReference; lastKnownFileType = sourcecode.swift; path = ContentView.swift; sourceTree = "<group>"; };
		BAABA2D62C501C40007CBBD7 /* Assets.xcassets */ = {isa = PBXFileReference; lastKnownFileType = folder.assetcatalog; path = Assets.xcassets; sourceTree = "<group>"; };
		BAABA2D92C501C40007CBBD7 /* Preview Assets.xcassets */ = {isa = PBXFileReference; lastKnownFileType = folder.assetcatalog; path = "Preview Assets.xcassets"; sourceTree = "<group>"; };
		BAABA2E12C52C385007CBBD7 /* MainScreenView.swift */ = {isa = PBXFileReference; lastKnownFileType = sourcecode.swift; path = MainScreenView.swift; sourceTree = "<group>"; };
		BAABA2E42C52C5D4007CBBD7 /* PlusButtonView.swift */ = {isa = PBXFileReference; lastKnownFileType = sourcecode.swift; path = PlusButtonView.swift; sourceTree = "<group>"; };
		BAABA2E62C52CA2D007CBBD7 /* CustomTabInfoView.swift */ = {isa = PBXFileReference; lastKnownFileType = sourcecode.swift; path = CustomTabInfoView.swift; sourceTree = "<group>"; };
		BAABA2E82C52CEFB007CBBD7 /* CustomTabView.swift */ = {isa = PBXFileReference; lastKnownFileType = sourcecode.swift; path = CustomTabView.swift; sourceTree = "<group>"; };
		BAB6FE7C2C5A9BD7000BE63C /* NewExpenseModalView.swift */ = {isa = PBXFileReference; lastKnownFileType = sourcecode.swift; path = NewExpenseModalView.swift; sourceTree = "<group>"; };
		BAB6FE7F2C5AA36B000BE63C /* CustomTextFieldStyle.swift */ = {isa = PBXFileReference; lastKnownFileType = sourcecode.swift; path = CustomTextFieldStyle.swift; sourceTree = "<group>"; };
		BAC794B42C6D15FC00C9A208 /* RealmManagerTestObject.swift */ = {isa = PBXFileReference; lastKnownFileType = sourcecode.swift; path = RealmManagerTestObject.swift; sourceTree = "<group>"; };
		BACC12B72C63D1E700F3B31A /* ExpenseModel.swift */ = {isa = PBXFileReference; lastKnownFileType = sourcecode.swift; path = ExpenseModel.swift; sourceTree = "<group>"; };
/* End PBXFileReference section */

/* Begin PBXFrameworksBuildPhase section */
		BA0E6EE82C6BB8EE005823FD /* Frameworks */ = {
			isa = PBXFrameworksBuildPhase;
			buildActionMask = 2147483647;
			files = (
				BA0E6EFB2C6BC4C1005823FD /* RealmSwift in Frameworks */,
			);
			runOnlyForDeploymentPostprocessing = 0;
		};
		BAABA2CC2C501C3F007CBBD7 /* Frameworks */ = {
			isa = PBXFrameworksBuildPhase;
			buildActionMask = 2147483647;
			files = (
				BA0E6EE02C6BB68A005823FD /* RealmSwift in Frameworks */,
			);
			runOnlyForDeploymentPostprocessing = 0;
		};
/* End PBXFrameworksBuildPhase section */

/* Begin PBXGroup section */
		BA0E6EE12C6BB6B1005823FD /* Realm */ = {
			isa = PBXGroup;
			children = (
				BA0E6EE22C6BB6BF005823FD /* RealmManager.swift */,
				BA2EEAC82C6E6A950062993A /* RealmError.swift */,
			);
			path = Realm;
			sourceTree = "<group>";
		};
		BA0E6EEC2C6BB8EE005823FD /* ChillBillTests */ = {
			isa = PBXGroup;
			children = (
				BAC794B22C6D131000C9A208 /* RealmManagerTests */,
			);
			path = ChillBillTests;
			sourceTree = "<group>";
		};
		BA0E6EF92C6BC4C1005823FD /* Frameworks */ = {
			isa = PBXGroup;
			children = (
			);
			name = Frameworks;
			sourceTree = "<group>";
		};
		BA3A8DC82C57FD20005D1BCB /* ViewModel */ = {
			isa = PBXGroup;
			children = (
				BA3A8DC92C57FD4B005D1BCB /* DummyExpenseViewModel.swift */,
				BA3A8DCB2C57FFAC005D1BCB /* DummySectionViewModel.swift */,
				BA3A8DCD2C580177005D1BCB /* DummyExpensesListViewModel.swift */,
			);
			path = ViewModel;
			sourceTree = "<group>";
		};
		BA3A8DCF2C5828FB005D1BCB /* ExpensesView */ = {
			isa = PBXGroup;
			children = (
				BA89E5592C6AA1D000AE0FD0 /* ExpensesRowView.swift */,
				BA89E55B2C6AA27700AE0FD0 /* ExpenseSectionView.swift */,
				BA89E55D2C6AA2B100AE0FD0 /* ExpensesListView.swift */,
				BA5E62362C5AEABB003168C1 /* Subviews */,
				BAB6FE7C2C5A9BD7000BE63C /* NewExpenseModalView.swift */,
			);
			path = ExpensesView;
			sourceTree = "<group>";
		};
		BA5E62362C5AEABB003168C1 /* Subviews */ = {
			isa = PBXGroup;
			children = (
				BA5E62372C5AEAD1003168C1 /* LabelWithDatePickerView.swift */,
				BA5E62392C5AEC04003168C1 /* LabelWithTextFieldView.swift */,
			);
			path = Subviews;
			sourceTree = "<group>";
		};
		BAABA2C62C501C3F007CBBD7 = {
			isa = PBXGroup;
			children = (
				BAABA2D12C501C3F007CBBD7 /* ChillBill */,
				BA0E6EEC2C6BB8EE005823FD /* ChillBillTests */,
				BAABA2D02C501C3F007CBBD7 /* Products */,
				BA0E6EF92C6BC4C1005823FD /* Frameworks */,
			);
			sourceTree = "<group>";
		};
		BAABA2D02C501C3F007CBBD7 /* Products */ = {
			isa = PBXGroup;
			children = (
				BAABA2CF2C501C3F007CBBD7 /* ChillBill.app */,
				BA0E6EEB2C6BB8EE005823FD /* ChillBillTests.xctest */,
			);
			name = Products;
			sourceTree = "<group>";
		};
		BAABA2D12C501C3F007CBBD7 /* ChillBill */ = {
			isa = PBXGroup;
			children = (
				BAABA2D22C501C3F007CBBD7 /* ChillBillApp.swift */,
				BAABA2D42C501C3F007CBBD7 /* ContentView.swift */,
				BACC12B62C63D1D700F3B31A /* Model */,
				BA3A8DC82C57FD20005D1BCB /* ViewModel */,
				BAABA2E02C52C369007CBBD7 /* View */,
				BAABA2D62C501C40007CBBD7 /* Assets.xcassets */,
				BAABA2D82C501C40007CBBD7 /* Preview Content */,
			);
			path = ChillBill;
			sourceTree = "<group>";
		};
		BAABA2D82C501C40007CBBD7 /* Preview Content */ = {
			isa = PBXGroup;
			children = (
				BAABA2D92C501C40007CBBD7 /* Preview Assets.xcassets */,
			);
			path = "Preview Content";
			sourceTree = "<group>";
		};
		BAABA2E02C52C369007CBBD7 /* View */ = {
			isa = PBXGroup;
			children = (
				BAABA2E12C52C385007CBBD7 /* MainScreenView.swift */,
				BA3A8DCF2C5828FB005D1BCB /* ExpensesView */,
				BAABA2EA2C5425BB007CBBD7 /* ReusableViews */,
				BAB6FE7E2C5AA33C000BE63C /* TextFieldStyle */,
				BAABA2E32C52C5B9007CBBD7 /* MainScreenCustomTab */,
			);
			path = View;
			sourceTree = "<group>";
		};
		BAABA2E32C52C5B9007CBBD7 /* MainScreenCustomTab */ = {
			isa = PBXGroup;
			children = (
				BAABA2E62C52CA2D007CBBD7 /* CustomTabInfoView.swift */,
				BAABA2E82C52CEFB007CBBD7 /* CustomTabView.swift */,
			);
			path = MainScreenCustomTab;
			sourceTree = "<group>";
		};
		BAABA2EA2C5425BB007CBBD7 /* ReusableViews */ = {
			isa = PBXGroup;
			children = (
				BAABA2E42C52C5D4007CBBD7 /* PlusButtonView.swift */,
				BA5E623B2C5AEF6C003168C1 /* OrangeRoundedRectangleButton.swift */,
			);
			path = ReusableViews;
			sourceTree = "<group>";
		};
		BAB6FE7E2C5AA33C000BE63C /* TextFieldStyle */ = {
			isa = PBXGroup;
			children = (
				BAB6FE7F2C5AA36B000BE63C /* CustomTextFieldStyle.swift */,
			);
			path = TextFieldStyle;
			sourceTree = "<group>";
		};
		BAC794B22C6D131000C9A208 /* RealmManagerTests */ = {
			isa = PBXGroup;
			children = (
				BA0E6EF42C6BB96C005823FD /* RealmManagerTests.swift */,
				BAC794B42C6D15FC00C9A208 /* RealmManagerTestObject.swift */,
			);
			path = RealmManagerTests;
			sourceTree = "<group>";
		};
		BACC12B62C63D1D700F3B31A /* Model */ = {
			isa = PBXGroup;
			children = (
				BA0E6EE12C6BB6B1005823FD /* Realm */,
				BACC12B72C63D1E700F3B31A /* ExpenseModel.swift */,
			);
			path = Model;
			sourceTree = "<group>";
		};
/* End PBXGroup section */

/* Begin PBXNativeTarget section */
		BA0E6EEA2C6BB8EE005823FD /* ChillBillTests */ = {
			isa = PBXNativeTarget;
			buildConfigurationList = BA0E6EF12C6BB8EE005823FD /* Build configuration list for PBXNativeTarget "ChillBillTests" */;
			buildPhases = (
				BA0E6EE72C6BB8EE005823FD /* Sources */,
				BA0E6EE82C6BB8EE005823FD /* Frameworks */,
				BA0E6EE92C6BB8EE005823FD /* Resources */,
				BA0E6EFC2C6BC4C1005823FD /* Embed Frameworks */,
			);
			buildRules = (
			);
			dependencies = (
				BA0E6EF02C6BB8EE005823FD /* PBXTargetDependency */,
			);
			name = ChillBillTests;
			packageProductDependencies = (
				BA0E6EFA2C6BC4C1005823FD /* RealmSwift */,
			);
			productName = ChillBillTests;
			productReference = BA0E6EEB2C6BB8EE005823FD /* ChillBillTests.xctest */;
			productType = "com.apple.product-type.bundle.unit-test";
		};
		BAABA2CE2C501C3F007CBBD7 /* ChillBill */ = {
			isa = PBXNativeTarget;
			buildConfigurationList = BAABA2DD2C501C40007CBBD7 /* Build configuration list for PBXNativeTarget "ChillBill" */;
			buildPhases = (
				BAABA2CB2C501C3F007CBBD7 /* Sources */,
				BAABA2CC2C501C3F007CBBD7 /* Frameworks */,
				BAABA2CD2C501C3F007CBBD7 /* Resources */,
			);
			buildRules = (
			);
			dependencies = (
			);
			name = ChillBill;
			packageProductDependencies = (
				BA0E6EDF2C6BB68A005823FD /* RealmSwift */,
			);
			productName = ChillBill;
			productReference = BAABA2CF2C501C3F007CBBD7 /* ChillBill.app */;
			productType = "com.apple.product-type.application";
		};
/* End PBXNativeTarget section */

/* Begin PBXProject section */
		BAABA2C72C501C3F007CBBD7 /* Project object */ = {
			isa = PBXProject;
			attributes = {
				BuildIndependentTargetsInParallel = 1;
				LastSwiftUpdateCheck = 1540;
				LastUpgradeCheck = 1540;
				TargetAttributes = {
					BA0E6EEA2C6BB8EE005823FD = {
						CreatedOnToolsVersion = 15.4;
						LastSwiftMigration = 1540;
						TestTargetID = BAABA2CE2C501C3F007CBBD7;
					};
					BAABA2CE2C501C3F007CBBD7 = {
						CreatedOnToolsVersion = 15.4;
					};
				};
			};
			buildConfigurationList = BAABA2CA2C501C3F007CBBD7 /* Build configuration list for PBXProject "ChillBill" */;
			compatibilityVersion = "Xcode 14.0";
			developmentRegion = en;
			hasScannedForEncodings = 0;
			knownRegions = (
				en,
				Base,
			);
			mainGroup = BAABA2C62C501C3F007CBBD7;
			packageReferences = (
				BA0E6EDE2C6BB68A005823FD /* XCRemoteSwiftPackageReference "realm-swift" */,
			);
			productRefGroup = BAABA2D02C501C3F007CBBD7 /* Products */;
			projectDirPath = "";
			projectRoot = "";
			targets = (
				BAABA2CE2C501C3F007CBBD7 /* ChillBill */,
				BA0E6EEA2C6BB8EE005823FD /* ChillBillTests */,
			);
		};
/* End PBXProject section */

/* Begin PBXResourcesBuildPhase section */
		BA0E6EE92C6BB8EE005823FD /* Resources */ = {
			isa = PBXResourcesBuildPhase;
			buildActionMask = 2147483647;
			files = (
			);
			runOnlyForDeploymentPostprocessing = 0;
		};
		BAABA2CD2C501C3F007CBBD7 /* Resources */ = {
			isa = PBXResourcesBuildPhase;
			buildActionMask = 2147483647;
			files = (
				BAABA2DA2C501C40007CBBD7 /* Preview Assets.xcassets in Resources */,
				BAABA2D72C501C40007CBBD7 /* Assets.xcassets in Resources */,
			);
			runOnlyForDeploymentPostprocessing = 0;
		};
/* End PBXResourcesBuildPhase section */

/* Begin PBXSourcesBuildPhase section */
		BA0E6EE72C6BB8EE005823FD /* Sources */ = {
			isa = PBXSourcesBuildPhase;
			buildActionMask = 2147483647;
			files = (
				BA0E6EF52C6BB96C005823FD /* RealmManagerTests.swift in Sources */,
				BAC794B52C6D15FC00C9A208 /* RealmManagerTestObject.swift in Sources */,
				BA2EEACA2C6E6F6F0062993A /* RealmError.swift in Sources */,
				BA0E6EF62C6BBB13005823FD /* RealmManager.swift in Sources */,
			);
			runOnlyForDeploymentPostprocessing = 0;
		};
		BAABA2CB2C501C3F007CBBD7 /* Sources */ = {
			isa = PBXSourcesBuildPhase;
			buildActionMask = 2147483647;
			files = (
				BA3A8DCE2C580177005D1BCB /* DummyExpensesListViewModel.swift in Sources */,
				BA89E55E2C6AA2B100AE0FD0 /* ExpensesListView.swift in Sources */,
				BAABA2D52C501C3F007CBBD7 /* ContentView.swift in Sources */,
				BAABA2E72C52CA2D007CBBD7 /* CustomTabInfoView.swift in Sources */,
				BAABA2E22C52C385007CBBD7 /* MainScreenView.swift in Sources */,
				BA5E623A2C5AEC04003168C1 /* LabelWithTextFieldView.swift in Sources */,
				BA3A8DCC2C57FFAC005D1BCB /* DummySectionViewModel.swift in Sources */,
				BA89E55C2C6AA27700AE0FD0 /* ExpenseSectionView.swift in Sources */,
				BAABA2E92C52CEFB007CBBD7 /* CustomTabView.swift in Sources */,
				BA5E623C2C5AEF6D003168C1 /* OrangeRoundedRectangleButton.swift in Sources */,
				BA2EEAC92C6E6A950062993A /* RealmError.swift in Sources */,
				BAB6FE7D2C5A9BD7000BE63C /* NewExpenseModalView.swift in Sources */,
				BA0E6EE32C6BB6BF005823FD /* RealmManager.swift in Sources */,
				BAABA2E52C52C5D4007CBBD7 /* PlusButtonView.swift in Sources */,
				BACC12B82C63D1E700F3B31A /* ExpenseModel.swift in Sources */,
				BAABA2D32C501C3F007CBBD7 /* ChillBillApp.swift in Sources */,
				BA5E62382C5AEAD1003168C1 /* LabelWithDatePickerView.swift in Sources */,
				BA3A8DCA2C57FD4B005D1BCB /* DummyExpenseViewModel.swift in Sources */,
				BA89E55A2C6AA1D000AE0FD0 /* ExpensesRowView.swift in Sources */,
				BAB6FE802C5AA36B000BE63C /* CustomTextFieldStyle.swift in Sources */,
			);
			runOnlyForDeploymentPostprocessing = 0;
		};
/* End PBXSourcesBuildPhase section */

/* Begin PBXTargetDependency section */
		BA0E6EF02C6BB8EE005823FD /* PBXTargetDependency */ = {
			isa = PBXTargetDependency;
			target = BAABA2CE2C501C3F007CBBD7 /* ChillBill */;
			targetProxy = BA0E6EEF2C6BB8EE005823FD /* PBXContainerItemProxy */;
		};
/* End PBXTargetDependency section */

/* Begin XCBuildConfiguration section */
		BA0E6EF22C6BB8EE005823FD /* Debug */ = {
			isa = XCBuildConfiguration;
			buildSettings = {
				BUNDLE_LOADER = "$(TEST_HOST)";
				CLANG_ENABLE_MODULES = YES;
				CODE_SIGN_STYLE = Automatic;
				CURRENT_PROJECT_VERSION = 1;
				DEVELOPMENT_TEAM = 5W2A88B7UL;
				GENERATE_INFOPLIST_FILE = YES;
				MARKETING_VERSION = 1.0;
				PRODUCT_BUNDLE_IDENTIFIER = com.y.nastiushkina.ChillBillTests;
				PRODUCT_NAME = "$(TARGET_NAME)";
				SWIFT_EMIT_LOC_STRINGS = NO;
				SWIFT_OPTIMIZATION_LEVEL = "-Onone";
				SWIFT_VERSION = 5.0;
				TARGETED_DEVICE_FAMILY = "1,2";
				TEST_HOST = "$(BUILT_PRODUCTS_DIR)/ChillBill.app/$(BUNDLE_EXECUTABLE_FOLDER_PATH)/ChillBill";
			};
			name = Debug;
		};
		BA0E6EF32C6BB8EE005823FD /* Release */ = {
			isa = XCBuildConfiguration;
			buildSettings = {
				BUNDLE_LOADER = "$(TEST_HOST)";
				CLANG_ENABLE_MODULES = YES;
				CODE_SIGN_STYLE = Automatic;
				CURRENT_PROJECT_VERSION = 1;
				DEVELOPMENT_TEAM = 5W2A88B7UL;
				GENERATE_INFOPLIST_FILE = YES;
				MARKETING_VERSION = 1.0;
				PRODUCT_BUNDLE_IDENTIFIER = com.y.nastiushkina.ChillBillTests;
				PRODUCT_NAME = "$(TARGET_NAME)";
				SWIFT_EMIT_LOC_STRINGS = NO;
				SWIFT_VERSION = 5.0;
				TARGETED_DEVICE_FAMILY = "1,2";
				TEST_HOST = "$(BUILT_PRODUCTS_DIR)/ChillBill.app/$(BUNDLE_EXECUTABLE_FOLDER_PATH)/ChillBill";
			};
			name = Release;
		};
		BAABA2DB2C501C40007CBBD7 /* Debug */ = {
			isa = XCBuildConfiguration;
			buildSettings = {
				ALWAYS_SEARCH_USER_PATHS = NO;
				ASSETCATALOG_COMPILER_GENERATE_SWIFT_ASSET_SYMBOL_EXTENSIONS = YES;
				CLANG_ANALYZER_NONNULL = YES;
				CLANG_ANALYZER_NUMBER_OBJECT_CONVERSION = YES_AGGRESSIVE;
				CLANG_CXX_LANGUAGE_STANDARD = "gnu++20";
				CLANG_ENABLE_MODULES = YES;
				CLANG_ENABLE_OBJC_ARC = YES;
				CLANG_ENABLE_OBJC_WEAK = YES;
				CLANG_WARN_BLOCK_CAPTURE_AUTORELEASING = YES;
				CLANG_WARN_BOOL_CONVERSION = YES;
				CLANG_WARN_COMMA = YES;
				CLANG_WARN_CONSTANT_CONVERSION = YES;
				CLANG_WARN_DEPRECATED_OBJC_IMPLEMENTATIONS = YES;
				CLANG_WARN_DIRECT_OBJC_ISA_USAGE = YES_ERROR;
				CLANG_WARN_DOCUMENTATION_COMMENTS = YES;
				CLANG_WARN_EMPTY_BODY = YES;
				CLANG_WARN_ENUM_CONVERSION = YES;
				CLANG_WARN_INFINITE_RECURSION = YES;
				CLANG_WARN_INT_CONVERSION = YES;
				CLANG_WARN_NON_LITERAL_NULL_CONVERSION = YES;
				CLANG_WARN_OBJC_IMPLICIT_RETAIN_SELF = YES;
				CLANG_WARN_OBJC_LITERAL_CONVERSION = YES;
				CLANG_WARN_OBJC_ROOT_CLASS = YES_ERROR;
				CLANG_WARN_QUOTED_INCLUDE_IN_FRAMEWORK_HEADER = YES;
				CLANG_WARN_RANGE_LOOP_ANALYSIS = YES;
				CLANG_WARN_STRICT_PROTOTYPES = YES;
				CLANG_WARN_SUSPICIOUS_MOVE = YES;
				CLANG_WARN_UNGUARDED_AVAILABILITY = YES_AGGRESSIVE;
				CLANG_WARN_UNREACHABLE_CODE = YES;
				CLANG_WARN__DUPLICATE_METHOD_MATCH = YES;
				COPY_PHASE_STRIP = NO;
				DEBUG_INFORMATION_FORMAT = dwarf;
				ENABLE_STRICT_OBJC_MSGSEND = YES;
				ENABLE_TESTABILITY = YES;
				ENABLE_USER_SCRIPT_SANDBOXING = YES;
				GCC_C_LANGUAGE_STANDARD = gnu17;
				GCC_DYNAMIC_NO_PIC = NO;
				GCC_NO_COMMON_BLOCKS = YES;
				GCC_OPTIMIZATION_LEVEL = 0;
				GCC_PREPROCESSOR_DEFINITIONS = (
					"DEBUG=1",
					"$(inherited)",
				);
				GCC_WARN_64_TO_32_BIT_CONVERSION = YES;
				GCC_WARN_ABOUT_RETURN_TYPE = YES_ERROR;
				GCC_WARN_UNDECLARED_SELECTOR = YES;
				GCC_WARN_UNINITIALIZED_AUTOS = YES_AGGRESSIVE;
				GCC_WARN_UNUSED_FUNCTION = YES;
				GCC_WARN_UNUSED_VARIABLE = YES;
				IPHONEOS_DEPLOYMENT_TARGET = 17.5;
				LOCALIZATION_PREFERS_STRING_CATALOGS = YES;
				MTL_ENABLE_DEBUG_INFO = INCLUDE_SOURCE;
				MTL_FAST_MATH = YES;
				ONLY_ACTIVE_ARCH = YES;
				SDKROOT = iphoneos;
				SWIFT_ACTIVE_COMPILATION_CONDITIONS = "DEBUG $(inherited)";
				SWIFT_OPTIMIZATION_LEVEL = "-Onone";
			};
			name = Debug;
		};
		BAABA2DC2C501C40007CBBD7 /* Release */ = {
			isa = XCBuildConfiguration;
			buildSettings = {
				ALWAYS_SEARCH_USER_PATHS = NO;
				ASSETCATALOG_COMPILER_GENERATE_SWIFT_ASSET_SYMBOL_EXTENSIONS = YES;
				CLANG_ANALYZER_NONNULL = YES;
				CLANG_ANALYZER_NUMBER_OBJECT_CONVERSION = YES_AGGRESSIVE;
				CLANG_CXX_LANGUAGE_STANDARD = "gnu++20";
				CLANG_ENABLE_MODULES = YES;
				CLANG_ENABLE_OBJC_ARC = YES;
				CLANG_ENABLE_OBJC_WEAK = YES;
				CLANG_WARN_BLOCK_CAPTURE_AUTORELEASING = YES;
				CLANG_WARN_BOOL_CONVERSION = YES;
				CLANG_WARN_COMMA = YES;
				CLANG_WARN_CONSTANT_CONVERSION = YES;
				CLANG_WARN_DEPRECATED_OBJC_IMPLEMENTATIONS = YES;
				CLANG_WARN_DIRECT_OBJC_ISA_USAGE = YES_ERROR;
				CLANG_WARN_DOCUMENTATION_COMMENTS = YES;
				CLANG_WARN_EMPTY_BODY = YES;
				CLANG_WARN_ENUM_CONVERSION = YES;
				CLANG_WARN_INFINITE_RECURSION = YES;
				CLANG_WARN_INT_CONVERSION = YES;
				CLANG_WARN_NON_LITERAL_NULL_CONVERSION = YES;
				CLANG_WARN_OBJC_IMPLICIT_RETAIN_SELF = YES;
				CLANG_WARN_OBJC_LITERAL_CONVERSION = YES;
				CLANG_WARN_OBJC_ROOT_CLASS = YES_ERROR;
				CLANG_WARN_QUOTED_INCLUDE_IN_FRAMEWORK_HEADER = YES;
				CLANG_WARN_RANGE_LOOP_ANALYSIS = YES;
				CLANG_WARN_STRICT_PROTOTYPES = YES;
				CLANG_WARN_SUSPICIOUS_MOVE = YES;
				CLANG_WARN_UNGUARDED_AVAILABILITY = YES_AGGRESSIVE;
				CLANG_WARN_UNREACHABLE_CODE = YES;
				CLANG_WARN__DUPLICATE_METHOD_MATCH = YES;
				COPY_PHASE_STRIP = NO;
				DEBUG_INFORMATION_FORMAT = "dwarf-with-dsym";
				ENABLE_NS_ASSERTIONS = NO;
				ENABLE_STRICT_OBJC_MSGSEND = YES;
				ENABLE_USER_SCRIPT_SANDBOXING = YES;
				GCC_C_LANGUAGE_STANDARD = gnu17;
				GCC_NO_COMMON_BLOCKS = YES;
				GCC_WARN_64_TO_32_BIT_CONVERSION = YES;
				GCC_WARN_ABOUT_RETURN_TYPE = YES_ERROR;
				GCC_WARN_UNDECLARED_SELECTOR = YES;
				GCC_WARN_UNINITIALIZED_AUTOS = YES_AGGRESSIVE;
				GCC_WARN_UNUSED_FUNCTION = YES;
				GCC_WARN_UNUSED_VARIABLE = YES;
				IPHONEOS_DEPLOYMENT_TARGET = 17.5;
				LOCALIZATION_PREFERS_STRING_CATALOGS = YES;
				MTL_ENABLE_DEBUG_INFO = NO;
				MTL_FAST_MATH = YES;
				SDKROOT = iphoneos;
				SWIFT_COMPILATION_MODE = wholemodule;
				VALIDATE_PRODUCT = YES;
			};
			name = Release;
		};
		BAABA2DE2C501C40007CBBD7 /* Debug */ = {
			isa = XCBuildConfiguration;
			buildSettings = {
				ASSETCATALOG_COMPILER_APPICON_NAME = AppIcon;
				ASSETCATALOG_COMPILER_GLOBAL_ACCENT_COLOR_NAME = AccentColor;
				CODE_SIGN_IDENTITY = "Apple Development";
				CODE_SIGN_STYLE = Automatic;
				CURRENT_PROJECT_VERSION = 1;
				DEVELOPMENT_ASSET_PATHS = "\"ChillBill/Preview Content\"";
				DEVELOPMENT_TEAM = 5W2A88B7UL;
				ENABLE_PREVIEWS = YES;
				GENERATE_INFOPLIST_FILE = YES;
				INFOPLIST_KEY_UIApplicationSceneManifest_Generation = YES;
				INFOPLIST_KEY_UIApplicationSupportsIndirectInputEvents = YES;
				INFOPLIST_KEY_UILaunchScreen_Generation = YES;
				INFOPLIST_KEY_UISupportedInterfaceOrientations_iPad = "UIInterfaceOrientationPortrait UIInterfaceOrientationPortraitUpsideDown UIInterfaceOrientationLandscapeLeft UIInterfaceOrientationLandscapeRight";
				INFOPLIST_KEY_UISupportedInterfaceOrientations_iPhone = "UIInterfaceOrientationPortrait UIInterfaceOrientationLandscapeLeft UIInterfaceOrientationLandscapeRight";
				LD_RUNPATH_SEARCH_PATHS = (
					"$(inherited)",
					"@executable_path/Frameworks",
				);
				MARKETING_VERSION = 1.0;
				PRODUCT_BUNDLE_IDENTIFIER = com.y.nastiushkina.ChillBill;
				PRODUCT_NAME = "$(TARGET_NAME)";
				PROVISIONING_PROFILE_SPECIFIER = "";
				SWIFT_EMIT_LOC_STRINGS = YES;
				SWIFT_VERSION = 5.0;
				TARGETED_DEVICE_FAMILY = "1,2";
			};
			name = Debug;
		};
		BAABA2DF2C501C40007CBBD7 /* Release */ = {
			isa = XCBuildConfiguration;
			buildSettings = {
				ASSETCATALOG_COMPILER_APPICON_NAME = AppIcon;
				ASSETCATALOG_COMPILER_GLOBAL_ACCENT_COLOR_NAME = AccentColor;
				CODE_SIGN_IDENTITY = "Apple Development";
				CODE_SIGN_STYLE = Automatic;
				CURRENT_PROJECT_VERSION = 1;
				DEVELOPMENT_ASSET_PATHS = "\"ChillBill/Preview Content\"";
				DEVELOPMENT_TEAM = 5W2A88B7UL;
				ENABLE_PREVIEWS = YES;
				GENERATE_INFOPLIST_FILE = YES;
				INFOPLIST_KEY_UIApplicationSceneManifest_Generation = YES;
				INFOPLIST_KEY_UIApplicationSupportsIndirectInputEvents = YES;
				INFOPLIST_KEY_UILaunchScreen_Generation = YES;
				INFOPLIST_KEY_UISupportedInterfaceOrientations_iPad = "UIInterfaceOrientationPortrait UIInterfaceOrientationPortraitUpsideDown UIInterfaceOrientationLandscapeLeft UIInterfaceOrientationLandscapeRight";
				INFOPLIST_KEY_UISupportedInterfaceOrientations_iPhone = "UIInterfaceOrientationPortrait UIInterfaceOrientationLandscapeLeft UIInterfaceOrientationLandscapeRight";
				LD_RUNPATH_SEARCH_PATHS = (
					"$(inherited)",
					"@executable_path/Frameworks",
				);
				MARKETING_VERSION = 1.0;
				PRODUCT_BUNDLE_IDENTIFIER = com.y.nastiushkina.ChillBill;
				PRODUCT_NAME = "$(TARGET_NAME)";
				PROVISIONING_PROFILE_SPECIFIER = "";
				SWIFT_EMIT_LOC_STRINGS = YES;
				SWIFT_VERSION = 5.0;
				TARGETED_DEVICE_FAMILY = "1,2";
			};
			name = Release;
		};
/* End XCBuildConfiguration section */

/* Begin XCConfigurationList section */
		BA0E6EF12C6BB8EE005823FD /* Build configuration list for PBXNativeTarget "ChillBillTests" */ = {
			isa = XCConfigurationList;
			buildConfigurations = (
				BA0E6EF22C6BB8EE005823FD /* Debug */,
				BA0E6EF32C6BB8EE005823FD /* Release */,
			);
			defaultConfigurationIsVisible = 0;
			defaultConfigurationName = Release;
		};
		BAABA2CA2C501C3F007CBBD7 /* Build configuration list for PBXProject "ChillBill" */ = {
			isa = XCConfigurationList;
			buildConfigurations = (
				BAABA2DB2C501C40007CBBD7 /* Debug */,
				BAABA2DC2C501C40007CBBD7 /* Release */,
			);
			defaultConfigurationIsVisible = 0;
			defaultConfigurationName = Release;
		};
		BAABA2DD2C501C40007CBBD7 /* Build configuration list for PBXNativeTarget "ChillBill" */ = {
			isa = XCConfigurationList;
			buildConfigurations = (
				BAABA2DE2C501C40007CBBD7 /* Debug */,
				BAABA2DF2C501C40007CBBD7 /* Release */,
			);
			defaultConfigurationIsVisible = 0;
			defaultConfigurationName = Release;
		};
/* End XCConfigurationList section */

/* Begin XCRemoteSwiftPackageReference section */
		BA0E6EDE2C6BB68A005823FD /* XCRemoteSwiftPackageReference "realm-swift" */ = {
			isa = XCRemoteSwiftPackageReference;
			repositoryURL = "https://github.com/realm/realm-swift.git";
			requirement = {
				branch = master;
				kind = branch;
			};
		};
/* End XCRemoteSwiftPackageReference section */

/* Begin XCSwiftPackageProductDependency section */
		BA0E6EDF2C6BB68A005823FD /* RealmSwift */ = {
			isa = XCSwiftPackageProductDependency;
			package = BA0E6EDE2C6BB68A005823FD /* XCRemoteSwiftPackageReference "realm-swift" */;
			productName = RealmSwift;
		};
		BA0E6EFA2C6BC4C1005823FD /* RealmSwift */ = {
			isa = XCSwiftPackageProductDependency;
			package = BA0E6EDE2C6BB68A005823FD /* XCRemoteSwiftPackageReference "realm-swift" */;
			productName = RealmSwift;
		};
/* End XCSwiftPackageProductDependency section */
	};
	rootObject = BAABA2C72C501C3F007CBBD7 /* Project object */;
}
