// !$*UTF8*$!
{
	archiveVersion = 1;
	classes = {
	};
	objectVersion = 56;
	objects = {

/* Begin PBXBuildFile section */
		BA3A8DCA2C57FD4B005D1BCB /* DummyExpenseViewModel.swift in Sources */ = {isa = PBXBuildFile; fileRef = BA3A8DC92C57FD4B005D1BCB /* DummyExpenseViewModel.swift */; };
		BA3A8DCC2C57FFAC005D1BCB /* DummySectionViewModel.swift in Sources */ = {isa = PBXBuildFile; fileRef = BA3A8DCB2C57FFAC005D1BCB /* DummySectionViewModel.swift */; };
		BA3A8DCE2C580177005D1BCB /* DummyExpensesListViewModel.swift in Sources */ = {isa = PBXBuildFile; fileRef = BA3A8DCD2C580177005D1BCB /* DummyExpensesListViewModel.swift */; };
		BA3A8DD12C582964005D1BCB /* ExpensesRowView.swift in Sources */ = {isa = PBXBuildFile; fileRef = BA3A8DD02C582964005D1BCB /* ExpensesRowView.swift */; };
		BA3A8DD52C582B8D005D1BCB /* ExpenseSectionView.swift in Sources */ = {isa = PBXBuildFile; fileRef = BA3A8DD42C582B8D005D1BCB /* ExpenseSectionView.swift */; };
		BAABA2D32C501C3F007CBBD7 /* ChillBillApp.swift in Sources */ = {isa = PBXBuildFile; fileRef = BAABA2D22C501C3F007CBBD7 /* ChillBillApp.swift */; };
		BAABA2D52C501C3F007CBBD7 /* ContentView.swift in Sources */ = {isa = PBXBuildFile; fileRef = BAABA2D42C501C3F007CBBD7 /* ContentView.swift */; };
		BAABA2D72C501C40007CBBD7 /* Assets.xcassets in Resources */ = {isa = PBXBuildFile; fileRef = BAABA2D62C501C40007CBBD7 /* Assets.xcassets */; };
		BAABA2DA2C501C40007CBBD7 /* Preview Assets.xcassets in Resources */ = {isa = PBXBuildFile; fileRef = BAABA2D92C501C40007CBBD7 /* Preview Assets.xcassets */; };
		BAABA2E22C52C385007CBBD7 /* MainScreenView.swift in Sources */ = {isa = PBXBuildFile; fileRef = BAABA2E12C52C385007CBBD7 /* MainScreenView.swift */; };
		BAABA2E52C52C5D4007CBBD7 /* PlusButtonView.swift in Sources */ = {isa = PBXBuildFile; fileRef = BAABA2E42C52C5D4007CBBD7 /* PlusButtonView.swift */; };
		BAABA2E72C52CA2D007CBBD7 /* MainScreenTabView.swift in Sources */ = {isa = PBXBuildFile; fileRef = BAABA2E62C52CA2D007CBBD7 /* MainScreenTabView.swift */; };
		BAABA2E92C52CEFB007CBBD7 /* CustomTabView.swift in Sources */ = {isa = PBXBuildFile; fileRef = BAABA2E82C52CEFB007CBBD7 /* CustomTabView.swift */; };
/* End PBXBuildFile section */

/* Begin PBXFileReference section */
		BA3A8DC92C57FD4B005D1BCB /* DummyExpenseViewModel.swift */ = {isa = PBXFileReference; lastKnownFileType = sourcecode.swift; path = DummyExpenseViewModel.swift; sourceTree = "<group>"; };
		BA3A8DCB2C57FFAC005D1BCB /* DummySectionViewModel.swift */ = {isa = PBXFileReference; lastKnownFileType = sourcecode.swift; path = DummySectionViewModel.swift; sourceTree = "<group>"; };
		BA3A8DCD2C580177005D1BCB /* DummyExpensesListViewModel.swift */ = {isa = PBXFileReference; lastKnownFileType = sourcecode.swift; path = DummyExpensesListViewModel.swift; sourceTree = "<group>"; };
		BA3A8DD02C582964005D1BCB /* ExpensesRowView.swift */ = {isa = PBXFileReference; lastKnownFileType = sourcecode.swift; name = ExpensesRowView.swift; path = ../../../../../../../Documents/ExpensesRowView.swift; sourceTree = "<group>"; };
		BA3A8DD42C582B8D005D1BCB /* ExpenseSectionView.swift */ = {isa = PBXFileReference; lastKnownFileType = sourcecode.swift; name = ExpenseSectionView.swift; path = ../../../../../../../Documents/ExpenseSectionView.swift; sourceTree = "<group>"; };
		BAABA2CF2C501C3F007CBBD7 /* ChillBill.app */ = {isa = PBXFileReference; explicitFileType = wrapper.application; includeInIndex = 0; path = ChillBill.app; sourceTree = BUILT_PRODUCTS_DIR; };
		BAABA2D22C501C3F007CBBD7 /* ChillBillApp.swift */ = {isa = PBXFileReference; lastKnownFileType = sourcecode.swift; path = ChillBillApp.swift; sourceTree = "<group>"; };
		BAABA2D42C501C3F007CBBD7 /* ContentView.swift */ = {isa = PBXFileReference; lastKnownFileType = sourcecode.swift; path = ContentView.swift; sourceTree = "<group>"; };
		BAABA2D62C501C40007CBBD7 /* Assets.xcassets */ = {isa = PBXFileReference; lastKnownFileType = folder.assetcatalog; path = Assets.xcassets; sourceTree = "<group>"; };
		BAABA2D92C501C40007CBBD7 /* Preview Assets.xcassets */ = {isa = PBXFileReference; lastKnownFileType = folder.assetcatalog; path = "Preview Assets.xcassets"; sourceTree = "<group>"; };
		BAABA2E12C52C385007CBBD7 /* MainScreenView.swift */ = {isa = PBXFileReference; lastKnownFileType = sourcecode.swift; path = MainScreenView.swift; sourceTree = "<group>"; };
		BAABA2E42C52C5D4007CBBD7 /* PlusButtonView.swift */ = {isa = PBXFileReference; lastKnownFileType = sourcecode.swift; path = PlusButtonView.swift; sourceTree = "<group>"; };
		BAABA2E62C52CA2D007CBBD7 /* MainScreenTabView.swift */ = {isa = PBXFileReference; lastKnownFileType = sourcecode.swift; path = MainScreenTabView.swift; sourceTree = "<group>"; };
		BAABA2E82C52CEFB007CBBD7 /* CustomTabView.swift */ = {isa = PBXFileReference; lastKnownFileType = sourcecode.swift; path = CustomTabView.swift; sourceTree = "<group>"; };
/* End PBXFileReference section */

/* Begin PBXFrameworksBuildPhase section */
		BAABA2CC2C501C3F007CBBD7 /* Frameworks */ = {
			isa = PBXFrameworksBuildPhase;
			buildActionMask = 2147483647;
			files = (
			);
			runOnlyForDeploymentPostprocessing = 0;
		};
/* End PBXFrameworksBuildPhase section */

/* Begin PBXGroup section */
		BA3A8DC82C57FD20005D1BCB /* ViewModel */ = {
			isa = PBXGroup;
			children = (
				BA3A8DC92C57FD4B005D1BCB /* DummyExpenseViewModel.swift */,
				BA3A8DCB2C57FFAC005D1BCB /* DummySectionViewModel.swift */,
				BA3A8DCD2C580177005D1BCB /* DummyExpensesListViewModel.swift */,
			);
			path = ViewModel;
			sourceTree = "<group>";
		};
		BA3A8DCF2C5828FB005D1BCB /* ExpensesView */ = {
			isa = PBXGroup;
			children = (
				BA3A8DD02C582964005D1BCB /* ExpensesRowView.swift */,
				BA3A8DD42C582B8D005D1BCB /* ExpenseSectionView.swift */,
			);
			path = ExpensesView;
			sourceTree = "<group>";
		};
		BAABA2C62C501C3F007CBBD7 = {
			isa = PBXGroup;
			children = (
				BAABA2D12C501C3F007CBBD7 /* ChillBill */,
				BAABA2D02C501C3F007CBBD7 /* Products */,
			);
			sourceTree = "<group>";
		};
		BAABA2D02C501C3F007CBBD7 /* Products */ = {
			isa = PBXGroup;
			children = (
				BAABA2CF2C501C3F007CBBD7 /* ChillBill.app */,
			);
			name = Products;
			sourceTree = "<group>";
		};
		BAABA2D12C501C3F007CBBD7 /* ChillBill */ = {
			isa = PBXGroup;
			children = (
				BA3A8DC82C57FD20005D1BCB /* ViewModel */,
				BAABA2D22C501C3F007CBBD7 /* ChillBillApp.swift */,
				BAABA2D42C501C3F007CBBD7 /* ContentView.swift */,
				BAABA2E02C52C369007CBBD7 /* View */,
				BAABA2D62C501C40007CBBD7 /* Assets.xcassets */,
				BAABA2D82C501C40007CBBD7 /* Preview Content */,
			);
			path = ChillBill;
			sourceTree = "<group>";
		};
		BAABA2D82C501C40007CBBD7 /* Preview Content */ = {
			isa = PBXGroup;
			children = (
				BAABA2D92C501C40007CBBD7 /* Preview Assets.xcassets */,
			);
			path = "Preview Content";
			sourceTree = "<group>";
		};
		BAABA2E02C52C369007CBBD7 /* View */ = {
			isa = PBXGroup;
			children = (
				BA3A8DCF2C5828FB005D1BCB /* ExpensesView */,
				BAABA2E12C52C385007CBBD7 /* MainScreenView.swift */,
				BAABA2EA2C5425BB007CBBD7 /* ReusableViews */,
				BAABA2E32C52C5B9007CBBD7 /* ViewElements */,
			);
			path = View;
			sourceTree = "<group>";
		};
		BAABA2E32C52C5B9007CBBD7 /* ViewElements */ = {
			isa = PBXGroup;
			children = (
				BAABA2E62C52CA2D007CBBD7 /* MainScreenTabView.swift */,
				BAABA2E82C52CEFB007CBBD7 /* CustomTabView.swift */,
			);
			path = ViewElements;
			sourceTree = "<group>";
		};
		BAABA2EA2C5425BB007CBBD7 /* ReusableViews */ = {
			isa = PBXGroup;
			children = (
				BAABA2E42C52C5D4007CBBD7 /* PlusButtonView.swift */,
			);
			path = ReusableViews;
			sourceTree = "<group>";
		};
/* End PBXGroup section */

/* Begin PBXNativeTarget section */
		BAABA2CE2C501C3F007CBBD7 /* ChillBill */ = {
			isa = PBXNativeTarget;
			buildConfigurationList = BAABA2DD2C501C40007CBBD7 /* Build configuration list for PBXNativeTarget "ChillBill" */;
			buildPhases = (
				BAABA2CB2C501C3F007CBBD7 /* Sources */,
				BAABA2CC2C501C3F007CBBD7 /* Frameworks */,
				BAABA2CD2C501C3F007CBBD7 /* Resources */,
			);
			buildRules = (
			);
			dependencies = (
			);
			name = ChillBill;
			productName = ChillBill;
			productReference = BAABA2CF2C501C3F007CBBD7 /* ChillBill.app */;
			productType = "com.apple.product-type.application";
		};
/* End PBXNativeTarget section */

/* Begin PBXProject section */
		BAABA2C72C501C3F007CBBD7 /* Project object */ = {
			isa = PBXProject;
			attributes = {
				BuildIndependentTargetsInParallel = 1;
				LastSwiftUpdateCheck = 1540;
				LastUpgradeCheck = 1540;
				TargetAttributes = {
					BAABA2CE2C501C3F007CBBD7 = {
						CreatedOnToolsVersion = 15.4;
					};
				};
			};
			buildConfigurationList = BAABA2CA2C501C3F007CBBD7 /* Build configuration list for PBXProject "ChillBill" */;
			compatibilityVersion = "Xcode 14.0";
			developmentRegion = en;
			hasScannedForEncodings = 0;
			knownRegions = (
				en,
				Base,
			);
			mainGroup = BAABA2C62C501C3F007CBBD7;
			productRefGroup = BAABA2D02C501C3F007CBBD7 /* Products */;
			projectDirPath = "";
			projectRoot = "";
			targets = (
				BAABA2CE2C501C3F007CBBD7 /* ChillBill */,
			);
		};
/* End PBXProject section */

/* Begin PBXResourcesBuildPhase section */
		BAABA2CD2C501C3F007CBBD7 /* Resources */ = {
			isa = PBXResourcesBuildPhase;
			buildActionMask = 2147483647;
			files = (
				BAABA2DA2C501C40007CBBD7 /* Preview Assets.xcassets in Resources */,
				BAABA2D72C501C40007CBBD7 /* Assets.xcassets in Resources */,
			);
			runOnlyForDeploymentPostprocessing = 0;
		};
/* End PBXResourcesBuildPhase section */

/* Begin PBXSourcesBuildPhase section */
		BAABA2CB2C501C3F007CBBD7 /* Sources */ = {
			isa = PBXSourcesBuildPhase;
			buildActionMask = 2147483647;
			files = (
				BA3A8DCE2C580177005D1BCB /* DummyExpensesListViewModel.swift in Sources */,
				BAABA2D52C501C3F007CBBD7 /* ContentView.swift in Sources */,
				BAABA2E72C52CA2D007CBBD7 /* MainScreenTabView.swift in Sources */,
				BAABA2E22C52C385007CBBD7 /* MainScreenView.swift in Sources */,
				BA3A8DD12C582964005D1BCB /* ExpensesRowView.swift in Sources */,
				BA3A8DCC2C57FFAC005D1BCB /* DummySectionViewModel.swift in Sources */,
				BAABA2E92C52CEFB007CBBD7 /* CustomTabView.swift in Sources */,
				BAABA2E52C52C5D4007CBBD7 /* PlusButtonView.swift in Sources */,
				BAABA2D32C501C3F007CBBD7 /* ChillBillApp.swift in Sources */,
				BA3A8DD52C582B8D005D1BCB /* ExpenseSectionView.swift in Sources */,
				BA3A8DCA2C57FD4B005D1BCB /* DummyExpenseViewModel.swift in Sources */,
			);
			runOnlyForDeploymentPostprocessing = 0;
		};
/* End PBXSourcesBuildPhase section */

/* Begin XCBuildConfiguration section */
		BAABA2DB2C501C40007CBBD7 /* Debug */ = {
			isa = XCBuildConfiguration;
			buildSettings = {
				ALWAYS_SEARCH_USER_PATHS = NO;
				ASSETCATALOG_COMPILER_GENERATE_SWIFT_ASSET_SYMBOL_EXTENSIONS = YES;
				CLANG_ANALYZER_NONNULL = YES;
				CLANG_ANALYZER_NUMBER_OBJECT_CONVERSION = YES_AGGRESSIVE;
				CLANG_CXX_LANGUAGE_STANDARD = "gnu++20";
				CLANG_ENABLE_MODULES = YES;
				CLANG_ENABLE_OBJC_ARC = YES;
				CLANG_ENABLE_OBJC_WEAK = YES;
				CLANG_WARN_BLOCK_CAPTURE_AUTORELEASING = YES;
				CLANG_WARN_BOOL_CONVERSION = YES;
				CLANG_WARN_COMMA = YES;
				CLANG_WARN_CONSTANT_CONVERSION = YES;
				CLANG_WARN_DEPRECATED_OBJC_IMPLEMENTATIONS = YES;
				CLANG_WARN_DIRECT_OBJC_ISA_USAGE = YES_ERROR;
				CLANG_WARN_DOCUMENTATION_COMMENTS = YES;
				CLANG_WARN_EMPTY_BODY = YES;
				CLANG_WARN_ENUM_CONVERSION = YES;
				CLANG_WARN_INFINITE_RECURSION = YES;
				CLANG_WARN_INT_CONVERSION = YES;
				CLANG_WARN_NON_LITERAL_NULL_CONVERSION = YES;
				CLANG_WARN_OBJC_IMPLICIT_RETAIN_SELF = YES;
				CLANG_WARN_OBJC_LITERAL_CONVERSION = YES;
				CLANG_WARN_OBJC_ROOT_CLASS = YES_ERROR;
				CLANG_WARN_QUOTED_INCLUDE_IN_FRAMEWORK_HEADER = YES;
				CLANG_WARN_RANGE_LOOP_ANALYSIS = YES;
				CLANG_WARN_STRICT_PROTOTYPES = YES;
				CLANG_WARN_SUSPICIOUS_MOVE = YES;
				CLANG_WARN_UNGUARDED_AVAILABILITY = YES_AGGRESSIVE;
				CLANG_WARN_UNREACHABLE_CODE = YES;
				CLANG_WARN__DUPLICATE_METHOD_MATCH = YES;
				COPY_PHASE_STRIP = NO;
				DEBUG_INFORMATION_FORMAT = dwarf;
				ENABLE_STRICT_OBJC_MSGSEND = YES;
				ENABLE_TESTABILITY = YES;
				ENABLE_USER_SCRIPT_SANDBOXING = YES;
				GCC_C_LANGUAGE_STANDARD = gnu17;
				GCC_DYNAMIC_NO_PIC = NO;
				GCC_NO_COMMON_BLOCKS = YES;
				GCC_OPTIMIZATION_LEVEL = 0;
				GCC_PREPROCESSOR_DEFINITIONS = (
					"DEBUG=1",
					"$(inherited)",
				);
				GCC_WARN_64_TO_32_BIT_CONVERSION = YES;
				GCC_WARN_ABOUT_RETURN_TYPE = YES_ERROR;
				GCC_WARN_UNDECLARED_SELECTOR = YES;
				GCC_WARN_UNINITIALIZED_AUTOS = YES_AGGRESSIVE;
				GCC_WARN_UNUSED_FUNCTION = YES;
				GCC_WARN_UNUSED_VARIABLE = YES;
				IPHONEOS_DEPLOYMENT_TARGET = 17.5;
				LOCALIZATION_PREFERS_STRING_CATALOGS = YES;
				MTL_ENABLE_DEBUG_INFO = INCLUDE_SOURCE;
				MTL_FAST_MATH = YES;
				ONLY_ACTIVE_ARCH = YES;
				SDKROOT = iphoneos;
				SWIFT_ACTIVE_COMPILATION_CONDITIONS = "DEBUG $(inherited)";
				SWIFT_OPTIMIZATION_LEVEL = "-Onone";
			};
			name = Debug;
		};
		BAABA2DC2C501C40007CBBD7 /* Release */ = {
			isa = XCBuildConfiguration;
			buildSettings = {
				ALWAYS_SEARCH_USER_PATHS = NO;
				ASSETCATALOG_COMPILER_GENERATE_SWIFT_ASSET_SYMBOL_EXTENSIONS = YES;
				CLANG_ANALYZER_NONNULL = YES;
				CLANG_ANALYZER_NUMBER_OBJECT_CONVERSION = YES_AGGRESSIVE;
				CLANG_CXX_LANGUAGE_STANDARD = "gnu++20";
				CLANG_ENABLE_MODULES = YES;
				CLANG_ENABLE_OBJC_ARC = YES;
				CLANG_ENABLE_OBJC_WEAK = YES;
				CLANG_WARN_BLOCK_CAPTURE_AUTORELEASING = YES;
				CLANG_WARN_BOOL_CONVERSION = YES;
				CLANG_WARN_COMMA = YES;
				CLANG_WARN_CONSTANT_CONVERSION = YES;
				CLANG_WARN_DEPRECATED_OBJC_IMPLEMENTATIONS = YES;
				CLANG_WARN_DIRECT_OBJC_ISA_USAGE = YES_ERROR;
				CLANG_WARN_DOCUMENTATION_COMMENTS = YES;
				CLANG_WARN_EMPTY_BODY = YES;
				CLANG_WARN_ENUM_CONVERSION = YES;
				CLANG_WARN_INFINITE_RECURSION = YES;
				CLANG_WARN_INT_CONVERSION = YES;
				CLANG_WARN_NON_LITERAL_NULL_CONVERSION = YES;
				CLANG_WARN_OBJC_IMPLICIT_RETAIN_SELF = YES;
				CLANG_WARN_OBJC_LITERAL_CONVERSION = YES;
				CLANG_WARN_OBJC_ROOT_CLASS = YES_ERROR;
				CLANG_WARN_QUOTED_INCLUDE_IN_FRAMEWORK_HEADER = YES;
				CLANG_WARN_RANGE_LOOP_ANALYSIS = YES;
				CLANG_WARN_STRICT_PROTOTYPES = YES;
				CLANG_WARN_SUSPICIOUS_MOVE = YES;
				CLANG_WARN_UNGUARDED_AVAILABILITY = YES_AGGRESSIVE;
				CLANG_WARN_UNREACHABLE_CODE = YES;
				CLANG_WARN__DUPLICATE_METHOD_MATCH = YES;
				COPY_PHASE_STRIP = NO;
				DEBUG_INFORMATION_FORMAT = "dwarf-with-dsym";
				ENABLE_NS_ASSERTIONS = NO;
				ENABLE_STRICT_OBJC_MSGSEND = YES;
				ENABLE_USER_SCRIPT_SANDBOXING = YES;
				GCC_C_LANGUAGE_STANDARD = gnu17;
				GCC_NO_COMMON_BLOCKS = YES;
				GCC_WARN_64_TO_32_BIT_CONVERSION = YES;
				GCC_WARN_ABOUT_RETURN_TYPE = YES_ERROR;
				GCC_WARN_UNDECLARED_SELECTOR = YES;
				GCC_WARN_UNINITIALIZED_AUTOS = YES_AGGRESSIVE;
				GCC_WARN_UNUSED_FUNCTION = YES;
				GCC_WARN_UNUSED_VARIABLE = YES;
				IPHONEOS_DEPLOYMENT_TARGET = 17.5;
				LOCALIZATION_PREFERS_STRING_CATALOGS = YES;
				MTL_ENABLE_DEBUG_INFO = NO;
				MTL_FAST_MATH = YES;
				SDKROOT = iphoneos;
				SWIFT_COMPILATION_MODE = wholemodule;
				VALIDATE_PRODUCT = YES;
			};
			name = Release;
		};
		BAABA2DE2C501C40007CBBD7 /* Debug */ = {
			isa = XCBuildConfiguration;
			buildSettings = {
				ASSETCATALOG_COMPILER_APPICON_NAME = AppIcon;
				ASSETCATALOG_COMPILER_GLOBAL_ACCENT_COLOR_NAME = AccentColor;
				CODE_SIGN_STYLE = Automatic;
				CURRENT_PROJECT_VERSION = 1;
				DEVELOPMENT_ASSET_PATHS = "\"ChillBill/Preview Content\"";
				DEVELOPMENT_TEAM = 5W2A88B7UL;
				ENABLE_PREVIEWS = YES;
				GENERATE_INFOPLIST_FILE = YES;
				INFOPLIST_KEY_UIApplicationSceneManifest_Generation = YES;
				INFOPLIST_KEY_UIApplicationSupportsIndirectInputEvents = YES;
				INFOPLIST_KEY_UILaunchScreen_Generation = YES;
				INFOPLIST_KEY_UISupportedInterfaceOrientations_iPad = "UIInterfaceOrientationPortrait UIInterfaceOrientationPortraitUpsideDown UIInterfaceOrientationLandscapeLeft UIInterfaceOrientationLandscapeRight";
				INFOPLIST_KEY_UISupportedInterfaceOrientations_iPhone = "UIInterfaceOrientationPortrait UIInterfaceOrientationLandscapeLeft UIInterfaceOrientationLandscapeRight";
				LD_RUNPATH_SEARCH_PATHS = (
					"$(inherited)",
					"@executable_path/Frameworks",
				);
				MARKETING_VERSION = 1.0;
				PRODUCT_BUNDLE_IDENTIFIER = com.y.nastiushkina.ChillBill;
				PRODUCT_NAME = "$(TARGET_NAME)";
				SWIFT_EMIT_LOC_STRINGS = YES;
				SWIFT_VERSION = 5.0;
				TARGETED_DEVICE_FAMILY = "1,2";
			};
			name = Debug;
		};
		BAABA2DF2C501C40007CBBD7 /* Release */ = {
			isa = XCBuildConfiguration;
			buildSettings = {
				ASSETCATALOG_COMPILER_APPICON_NAME = AppIcon;
				ASSETCATALOG_COMPILER_GLOBAL_ACCENT_COLOR_NAME = AccentColor;
				CODE_SIGN_STYLE = Automatic;
				CURRENT_PROJECT_VERSION = 1;
				DEVELOPMENT_ASSET_PATHS = "\"ChillBill/Preview Content\"";
				DEVELOPMENT_TEAM = 5W2A88B7UL;
				ENABLE_PREVIEWS = YES;
				GENERATE_INFOPLIST_FILE = YES;
				INFOPLIST_KEY_UIApplicationSceneManifest_Generation = YES;
				INFOPLIST_KEY_UIApplicationSupportsIndirectInputEvents = YES;
				INFOPLIST_KEY_UILaunchScreen_Generation = YES;
				INFOPLIST_KEY_UISupportedInterfaceOrientations_iPad = "UIInterfaceOrientationPortrait UIInterfaceOrientationPortraitUpsideDown UIInterfaceOrientationLandscapeLeft UIInterfaceOrientationLandscapeRight";
				INFOPLIST_KEY_UISupportedInterfaceOrientations_iPhone = "UIInterfaceOrientationPortrait UIInterfaceOrientationLandscapeLeft UIInterfaceOrientationLandscapeRight";
				LD_RUNPATH_SEARCH_PATHS = (
					"$(inherited)",
					"@executable_path/Frameworks",
				);
				MARKETING_VERSION = 1.0;
				PRODUCT_BUNDLE_IDENTIFIER = com.y.nastiushkina.ChillBill;
				PRODUCT_NAME = "$(TARGET_NAME)";
				SWIFT_EMIT_LOC_STRINGS = YES;
				SWIFT_VERSION = 5.0;
				TARGETED_DEVICE_FAMILY = "1,2";
			};
			name = Release;
		};
/* End XCBuildConfiguration section */

/* Begin XCConfigurationList section */
		BAABA2CA2C501C3F007CBBD7 /* Build configuration list for PBXProject "ChillBill" */ = {
			isa = XCConfigurationList;
			buildConfigurations = (
				BAABA2DB2C501C40007CBBD7 /* Debug */,
				BAABA2DC2C501C40007CBBD7 /* Release */,
			);
			defaultConfigurationIsVisible = 0;
			defaultConfigurationName = Release;
		};
		BAABA2DD2C501C40007CBBD7 /* Build configuration list for PBXNativeTarget "ChillBill" */ = {
			isa = XCConfigurationList;
			buildConfigurations = (
				BAABA2DE2C501C40007CBBD7 /* Debug */,
				BAABA2DF2C501C40007CBBD7 /* Release */,
			);
			defaultConfigurationIsVisible = 0;
			defaultConfigurationName = Release;
		};
/* End XCConfigurationList section */
	};
	rootObject = BAABA2C72C501C3F007CBBD7 /* Project object */;
}
